
Microsoft Visual Studio Solution File, Format Version 12.00
# Visual Studio 15
VisualStudioVersion = 15.0.27004.2009
MinimumVisualStudioVersion = 10.0.40219.1
Project("{8BC9CEB8-8B4A-11D0-8D11-00A0C91BC942}") = "MEAFix", "MEAFix\MEAFix.vcxproj", "{10DBCC53-F091-41F0-88A2-1B58DFF4B566}"
EndProject
Global
	GlobalSection(SolutionConfigurationPlatforms) = preSolution
		Debug|x64 = Debug|x64
		Debug|x86 = Debug|x86
		Release|x64 = Release|x64
		Release|x86 = Release|x86
	EndGlobalSection
	GlobalSection(ProjectConfigurationPlatforms) = postSolution
		{10DBCC53-F091-41F0-88A2-1B58DFF4B566}.Debug|x64.ActiveCfg = Debug|x64
		{10DBCC53-F091-41F0-88A2-1B58DFF4B566}.Debug|x64.Build.0 = Debug|x64
		{10DBCC53-F091-41F0-88A2-1B58DFF4B566}.Debug|x86.ActiveCfg = Debug|Win32
		{10DBCC53-F091-41F0-88A2-1B58DFF4B566}.Debug|x86.Build.0 = Debug|Win32
		{10DBCC53-F091-41F0-88A2-1B58DFF4B566}.Release|x64.ActiveCfg = Release|x64
		{10DBCC53-F091-41F0-88A2-1B58DFF4B566}.Release|x64.Build.0 = Release|x64
		{10DBCC53-F091-41F0-88A2-1B58DFF4B566}.Release|x86.ActiveCfg = Release|Win32
		{10DBCC53-F091-41F0-88A2-1B58DFF4B566}.Release|x86.Build.0 = Release|Win32
	EndGlobalSection
	GlobalSection(SolutionProperties) = preSolution
		HideSolutionNode = FALSE
	EndGlobalSection
	GlobalSection(ExtensibilityGlobals) = postSolution
		SolutionGuid = {04007DA4-19AE-431F-BCFE-513351AF6F99}
	EndGlobalSection
EndGlobal
